
Microsoft Visual Studio Solution File, Format Version 12.00
# Visual Studio Version 16
VisualStudioVersion = 16.0.808.7
MinimumVisualStudioVersion = 10.0.40219.1
Project("{FAE04EC0-301F-11D3-BF4B-00C04F79EFBC}") = "MqttDebugger", "MQTTDebugger\MQTTDebugger.csproj", "{8B7F1A3C-D36A-4B71-A885-868A2F009767}"
EndProject
Project("{FAE04EC0-301F-11D3-BF4B-00C04F79EFBC}") = "MqttApi", "MqttApi\MqttApi.csproj", "{1F607E98-27DC-44F0-8EB5-0A9A2684DBE8}"
EndProject
Project("{FAE04EC0-301F-11D3-BF4B-00C04F79EFBC}") = "MqttShared", "MqttShared\MqttShared.csproj", "{5A102918-60BF-4B52-8B0E-E0482279FACA}"
EndProject
Global
	GlobalSection(SolutionConfigurationPlatforms) = preSolution
		Debug|Any CPU = Debug|Any CPU
		Release|Any CPU = Release|Any CPU
	EndGlobalSection
	GlobalSection(ProjectConfigurationPlatforms) = postSolution
		{8B7F1A3C-D36A-4B71-A885-868A2F009767}.Debug|Any CPU.ActiveCfg = Debug|Any CPU
		{8B7F1A3C-D36A-4B71-A885-868A2F009767}.Debug|Any CPU.Build.0 = Debug|Any CPU
		{8B7F1A3C-D36A-4B71-A885-868A2F009767}.Release|Any CPU.ActiveCfg = Release|Any CPU
		{8B7F1A3C-D36A-4B71-A885-868A2F009767}.Release|Any CPU.Build.0 = Release|Any CPU
		{1F607E98-27DC-44F0-8EB5-0A9A2684DBE8}.Debug|Any CPU.ActiveCfg = Debug|Any CPU
		{1F607E98-27DC-44F0-8EB5-0A9A2684DBE8}.Debug|Any CPU.Build.0 = Debug|Any CPU
		{1F607E98-27DC-44F0-8EB5-0A9A2684DBE8}.Release|Any CPU.ActiveCfg = Release|Any CPU
		{1F607E98-27DC-44F0-8EB5-0A9A2684DBE8}.Release|Any CPU.Build.0 = Release|Any CPU
		{5A102918-60BF-4B52-8B0E-E0482279FACA}.Debug|Any CPU.ActiveCfg = Debug|Any CPU
		{5A102918-60BF-4B52-8B0E-E0482279FACA}.Debug|Any CPU.Build.0 = Debug|Any CPU
		{5A102918-60BF-4B52-8B0E-E0482279FACA}.Release|Any CPU.ActiveCfg = Release|Any CPU
		{5A102918-60BF-4B52-8B0E-E0482279FACA}.Release|Any CPU.Build.0 = Release|Any CPU
	EndGlobalSection
	GlobalSection(SolutionProperties) = preSolution
		HideSolutionNode = FALSE
	EndGlobalSection
	GlobalSection(ExtensibilityGlobals) = postSolution
		SolutionGuid = {826475C8-0E20-4BB3-B79F-098820E04961}
	EndGlobalSection
EndGlobal
